
Microsoft Visual Studio Solution File, Format Version 12.00
# Visual Studio Version 16
VisualStudioVersion = 16.0.30517.126
MinimumVisualStudioVersion = 10.0.40219.1
Project("{FAE04EC0-301F-11D3-BF4B-00C04F79EFBC}") = "CodeProblems", "CodeProblems\CodeProblems.csproj", "{A49B3A3E-FCD4-4853-8B66-BD289A75A2FC}"
EndProject
Global
	GlobalSection(SolutionConfigurationPlatforms) = preSolution
		Debug|Any CPU = Debug|Any CPU
		Release|Any CPU = Release|Any CPU
	EndGlobalSection
	GlobalSection(ProjectConfigurationPlatforms) = postSolution
		{A49B3A3E-FCD4-4853-8B66-BD289A75A2FC}.Debug|Any CPU.ActiveCfg = Debug|Any CPU
		{A49B3A3E-FCD4-4853-8B66-BD289A75A2FC}.Debug|Any CPU.Build.0 = Debug|Any CPU
		{A49B3A3E-FCD4-4853-8B66-BD289A75A2FC}.Release|Any CPU.ActiveCfg = Release|Any CPU
		{A49B3A3E-FCD4-4853-8B66-BD289A75A2FC}.Release|Any CPU.Build.0 = Release|Any CPU
	EndGlobalSection
	GlobalSection(SolutionProperties) = preSolution
		HideSolutionNode = FALSE
	EndGlobalSection
	GlobalSection(ExtensibilityGlobals) = postSolution
		SolutionGuid = {984FBE03-BBF2-4B76-B11C-A68A9B1DCDBF}
	EndGlobalSection
EndGlobal
